# THIS IS AN AUTOGENERATED FILE. DO NOT EDIT THIS FILE DIRECTLY.
# yarn lockfile v1


sweetalert2@^11.1.6:
  version "11.1.6"
  resolved "https://registry.yarnpkg.com/sweetalert2/-/sweetalert2-11.1.6.tgz#2dfac87d14b43afdec460e74b698a7f7f9a3d9da"
  integrity sha512-hPhdzelwZ+TeFdb6Wuq3BX8MMy09YeHFkC9tXPVmZFPInJ7TWt7FSkd9k0A5MdeNigjhH8fwvT0dsy0ZyibR4A==
